// !$*UTF8*$!
{
	archiveVersion = 1;
	classes = {
	};
	objectVersion = 50;
	objects = {

/* Begin PBXBuildFile section */
		A93C80E725AC745E00229647 /* AppDelegate.swift in Sources */ = {isa = PBXBuildFile; fileRef = A93C80E625AC745E00229647 /* AppDelegate.swift */; };
		A93C80E925AC745E00229647 /* SceneDelegate.swift in Sources */ = {isa = PBXBuildFile; fileRef = A93C80E825AC745E00229647 /* SceneDelegate.swift */; };
		A93C80EB25AC745E00229647 /* exViewController.swift in Sources */ = {isa = PBXBuildFile; fileRef = A93C80EA25AC745E00229647 /* exViewController.swift */; };
		A93C80EE25AC745E00229647 /* Main.storyboard in Resources */ = {isa = PBXBuildFile; fileRef = A93C80EC25AC745E00229647 /* Main.storyboard */; };
		A93C80F025AC745E00229647 /* Assets.xcassets in Resources */ = {isa = PBXBuildFile; fileRef = A93C80EF25AC745E00229647 /* Assets.xcassets */; };
		A93C80F325AC745E00229647 /* LaunchScreen.storyboard in Resources */ = {isa = PBXBuildFile; fileRef = A93C80F125AC745E00229647 /* LaunchScreen.storyboard */; };
		A9575D5625B1BF7E0069FFC3 /* MainViewController.swift in Sources */ = {isa = PBXBuildFile; fileRef = A9575D5525B1BF7E0069FFC3 /* MainViewController.swift */; };
		A9575D5925B1BF930069FFC3 /* VideoViewController.swift in Sources */ = {isa = PBXBuildFile; fileRef = A9575D5825B1BF930069FFC3 /* VideoViewController.swift */; };
		A9575D5D25B1BF9D0069FFC3 /* CafeViewController.swift in Sources */ = {isa = PBXBuildFile; fileRef = A9575D5C25B1BF9D0069FFC3 /* CafeViewController.swift */; };
		A9575D6225B1C3E50069FFC3 /* SettingViewController.swift in Sources */ = {isa = PBXBuildFile; fileRef = A9575D6125B1C3E50069FFC3 /* SettingViewController.swift */; };
		A95D7B6725B1BE99009EB587 /* exInfo.plist in Resources */ = {isa = PBXBuildFile; fileRef = A95D7B6625B1BE99009EB587 /* exInfo.plist */; };
		A99D9C3C25B324E20043DE8A /* ResString.swift in Sources */ = {isa = PBXBuildFile; fileRef = A9575D5225B1BF560069FFC3 /* ResString.swift */; };
/* End PBXBuildFile section */

/* Begin PBXFileReference section */
		A93C80E325AC745E00229647 /* PSEiOS.app */ = {isa = PBXFileReference; explicitFileType = wrapper.application; includeInIndex = 0; path = PSEiOS.app; sourceTree = BUILT_PRODUCTS_DIR; };
		A93C80E625AC745E00229647 /* AppDelegate.swift */ = {isa = PBXFileReference; lastKnownFileType = sourcecode.swift; path = AppDelegate.swift; sourceTree = "<group>"; };
		A93C80E825AC745E00229647 /* SceneDelegate.swift */ = {isa = PBXFileReference; lastKnownFileType = sourcecode.swift; path = SceneDelegate.swift; sourceTree = "<group>"; };
		A93C80EA25AC745E00229647 /* exViewController.swift */ = {isa = PBXFileReference; lastKnownFileType = sourcecode.swift; path = exViewController.swift; sourceTree = "<group>"; };
		A93C80ED25AC745E00229647 /* Base */ = {isa = PBXFileReference; lastKnownFileType = file.storyboard; name = Base; path = Base.lproj/Main.storyboard; sourceTree = "<group>"; };
		A93C80EF25AC745E00229647 /* Assets.xcassets */ = {isa = PBXFileReference; lastKnownFileType = folder.assetcatalog; path = Assets.xcassets; sourceTree = "<group>"; };
		A93C80F225AC745E00229647 /* Base */ = {isa = PBXFileReference; lastKnownFileType = file.storyboard; name = Base; path = Base.lproj/LaunchScreen.storyboard; sourceTree = "<group>"; };
		A93C80F425AC745F00229647 /* Info.plist */ = {isa = PBXFileReference; lastKnownFileType = text.plist.xml; path = Info.plist; sourceTree = "<group>"; };
		A9575D5025B1BF560069FFC3 /* exAppDelegate.swift */ = {isa = PBXFileReference; lastKnownFileType = sourcecode.swift; path = exAppDelegate.swift; sourceTree = "<group>"; };
		A9575D5125B1BF560069FFC3 /* CommonUtils.swift */ = {isa = PBXFileReference; lastKnownFileType = sourcecode.swift; path = CommonUtils.swift; sourceTree = "<group>"; };
		A9575D5225B1BF560069FFC3 /* ResString.swift */ = {isa = PBXFileReference; lastKnownFileType = sourcecode.swift; path = ResString.swift; sourceTree = "<group>"; };
		A9575D5325B1BF560069FFC3 /* PSEiOS.entitlements */ = {isa = PBXFileReference; lastKnownFileType = text.plist.entitlements; path = PSEiOS.entitlements; sourceTree = "<group>"; };
		A9575D5525B1BF7E0069FFC3 /* MainViewController.swift */ = {isa = PBXFileReference; lastKnownFileType = sourcecode.swift; path = MainViewController.swift; sourceTree = "<group>"; };
		A9575D5825B1BF930069FFC3 /* VideoViewController.swift */ = {isa = PBXFileReference; lastKnownFileType = sourcecode.swift; path = VideoViewController.swift; sourceTree = "<group>"; };
		A9575D5C25B1BF9D0069FFC3 /* CafeViewController.swift */ = {isa = PBXFileReference; lastKnownFileType = sourcecode.swift; path = CafeViewController.swift; sourceTree = "<group>"; };
		A9575D6125B1C3E50069FFC3 /* SettingViewController.swift */ = {isa = PBXFileReference; lastKnownFileType = sourcecode.swift; path = SettingViewController.swift; sourceTree = "<group>"; };
		A95D7B6625B1BE99009EB587 /* exInfo.plist */ = {isa = PBXFileReference; fileEncoding = 4; lastKnownFileType = text.plist.xml; name = exInfo.plist; path = "../../../../../Library/Mobile Documents/com~apple~CloudDocs/Desktop/이전작업물/ganggo_iphone/ganggo/ganggo/exInfo.plist"; sourceTree = "<group>"; };
/* End PBXFileReference section */

/* Begin PBXFrameworksBuildPhase section */
		A93C80E025AC745E00229647 /* Frameworks */ = {
			isa = PBXFrameworksBuildPhase;
			buildActionMask = 2147483647;
			files = (
			);
			runOnlyForDeploymentPostprocessing = 0;
		};
/* End PBXFrameworksBuildPhase section */

/* Begin PBXGroup section */
		A93C80DA25AC745E00229647 = {
			isa = PBXGroup;
			children = (
				A93C80E525AC745E00229647 /* PSEiOS */,
				A93C80E425AC745E00229647 /* Products */,
			);
			sourceTree = "<group>";
		};
		A93C80E425AC745E00229647 /* Products */ = {
			isa = PBXGroup;
			children = (
				A93C80E325AC745E00229647 /* PSEiOS.app */,
			);
			name = Products;
			sourceTree = "<group>";
		};
		A93C80E525AC745E00229647 /* PSEiOS */ = {
			isa = PBXGroup;
			children = (
				A9575D4F25B1BF460069FFC3 /* ReferenceFiles */,
				A93C80E625AC745E00229647 /* AppDelegate.swift */,
				A93C80E825AC745E00229647 /* SceneDelegate.swift */,
				A9575D5525B1BF7E0069FFC3 /* MainViewController.swift */,
				A9575D5825B1BF930069FFC3 /* VideoViewController.swift */,
				A9575D5C25B1BF9D0069FFC3 /* CafeViewController.swift */,
				A9575D6125B1C3E50069FFC3 /* SettingViewController.swift */,
				A9575D5225B1BF560069FFC3 /* ResString.swift */,
				A93C80EC25AC745E00229647 /* Main.storyboard */,
				A93C80EF25AC745E00229647 /* Assets.xcassets */,
				A93C80F125AC745E00229647 /* LaunchScreen.storyboard */,
				A93C80F425AC745F00229647 /* Info.plist */,
				A95D7B6625B1BE99009EB587 /* exInfo.plist */,
			);
			path = PSEiOS;
			sourceTree = "<group>";
		};
		A9575D4F25B1BF460069FFC3 /* ReferenceFiles */ = {
			isa = PBXGroup;
			children = (
				A9575D5325B1BF560069FFC3 /* PSEiOS.entitlements */,
				A9575D5025B1BF560069FFC3 /* exAppDelegate.swift */,
				A93C80EA25AC745E00229647 /* exViewController.swift */,
				A9575D5125B1BF560069FFC3 /* CommonUtils.swift */,
			);
			path = ReferenceFiles;
			sourceTree = "<group>";
		};
/* End PBXGroup section */

/* Begin PBXNativeTarget section */
		A93C80E225AC745E00229647 /* PSEiOS */ = {
			isa = PBXNativeTarget;
			buildConfigurationList = A93C80F725AC745F00229647 /* Build configuration list for PBXNativeTarget "PSEiOS" */;
			buildPhases = (
				A93C80DF25AC745E00229647 /* Sources */,
				A93C80E025AC745E00229647 /* Frameworks */,
				A93C80E125AC745E00229647 /* Resources */,
			);
			buildRules = (
			);
			dependencies = (
			);
			name = PSEiOS;
			productName = PSEiOS;
			productReference = A93C80E325AC745E00229647 /* PSEiOS.app */;
			productType = "com.apple.product-type.application";
		};
/* End PBXNativeTarget section */

/* Begin PBXProject section */
		A93C80DB25AC745E00229647 /* Project object */ = {
			isa = PBXProject;
			attributes = {
				LastSwiftUpdateCheck = 1230;
				LastUpgradeCheck = 1230;
				TargetAttributes = {
					A93C80E225AC745E00229647 = {
						CreatedOnToolsVersion = 12.3;
					};
				};
			};
			buildConfigurationList = A93C80DE25AC745E00229647 /* Build configuration list for PBXProject "PSEiOS" */;
			compatibilityVersion = "Xcode 9.3";
			developmentRegion = en;
			hasScannedForEncodings = 0;
			knownRegions = (
				en,
				Base,
			);
			mainGroup = A93C80DA25AC745E00229647;
			productRefGroup = A93C80E425AC745E00229647 /* Products */;
			projectDirPath = "";
			projectRoot = "";
			targets = (
				A93C80E225AC745E00229647 /* PSEiOS */,
			);
		};
/* End PBXProject section */

/* Begin PBXResourcesBuildPhase section */
		A93C80E125AC745E00229647 /* Resources */ = {
			isa = PBXResourcesBuildPhase;
			buildActionMask = 2147483647;
			files = (
				A95D7B6725B1BE99009EB587 /* exInfo.plist in Resources */,
				A93C80F325AC745E00229647 /* LaunchScreen.storyboard in Resources */,
				A93C80F025AC745E00229647 /* Assets.xcassets in Resources */,
				A93C80EE25AC745E00229647 /* Main.storyboard in Resources */,
			);
			runOnlyForDeploymentPostprocessing = 0;
		};
/* End PBXResourcesBuildPhase section */

/* Begin PBXSourcesBuildPhase section */
		A93C80DF25AC745E00229647 /* Sources */ = {
			isa = PBXSourcesBuildPhase;
			buildActionMask = 2147483647;
			files = (
				A93C80EB25AC745E00229647 /* exViewController.swift in Sources */,
				A9575D5D25B1BF9D0069FFC3 /* CafeViewController.swift in Sources */,
				A93C80E725AC745E00229647 /* AppDelegate.swift in Sources */,
				A99D9C3C25B324E20043DE8A /* ResString.swift in Sources */,
				A93C80E925AC745E00229647 /* SceneDelegate.swift in Sources */,
				A9575D5925B1BF930069FFC3 /* VideoViewController.swift in Sources */,
				A9575D6225B1C3E50069FFC3 /* SettingViewController.swift in Sources */,
				A9575D5625B1BF7E0069FFC3 /* MainViewController.swift in Sources */,
			);
			runOnlyForDeploymentPostprocessing = 0;
		};
/* End PBXSourcesBuildPhase section */

/* Begin PBXVariantGroup section */
		A93C80EC25AC745E00229647 /* Main.storyboard */ = {
			isa = PBXVariantGroup;
			children = (
				A93C80ED25AC745E00229647 /* Base */,
			);
			name = Main.storyboard;
			sourceTree = "<group>";
		};
		A93C80F125AC745E00229647 /* LaunchScreen.storyboard */ = {
			isa = PBXVariantGroup;
			children = (
				A93C80F225AC745E00229647 /* Base */,
			);
			name = LaunchScreen.storyboard;
			sourceTree = "<group>";
		};
/* End PBXVariantGroup section */

/* Begin XCBuildConfiguration section */
		A93C80F525AC745F00229647 /* Debug */ = {
			isa = XCBuildConfiguration;
			buildSettings = {
				ALWAYS_SEARCH_USER_PATHS = NO;
				CLANG_ANALYZER_NONNULL = YES;
				CLANG_ANALYZER_NUMBER_OBJECT_CONVERSION = YES_AGGRESSIVE;
				CLANG_CXX_LANGUAGE_STANDARD = "gnu++14";
				CLANG_CXX_LIBRARY = "libc++";
				CLANG_ENABLE_MODULES = YES;
				CLANG_ENABLE_OBJC_ARC = YES;
				CLANG_ENABLE_OBJC_WEAK = YES;
				CLANG_WARN_BLOCK_CAPTURE_AUTORELEASING = YES;
				CLANG_WARN_BOOL_CONVERSION = YES;
				CLANG_WARN_COMMA = YES;
				CLANG_WARN_CONSTANT_CONVERSION = YES;
				CLANG_WARN_DEPRECATED_OBJC_IMPLEMENTATIONS = YES;
				CLANG_WARN_DIRECT_OBJC_ISA_USAGE = YES_ERROR;
				CLANG_WARN_DOCUMENTATION_COMMENTS = YES;
				CLANG_WARN_EMPTY_BODY = YES;
				CLANG_WARN_ENUM_CONVERSION = YES;
				CLANG_WARN_INFINITE_RECURSION = YES;
				CLANG_WARN_INT_CONVERSION = YES;
				CLANG_WARN_NON_LITERAL_NULL_CONVERSION = YES;
				CLANG_WARN_OBJC_IMPLICIT_RETAIN_SELF = YES;
				CLANG_WARN_OBJC_LITERAL_CONVERSION = YES;
				CLANG_WARN_OBJC_ROOT_CLASS = YES_ERROR;
				CLANG_WARN_QUOTED_INCLUDE_IN_FRAMEWORK_HEADER = YES;
				CLANG_WARN_RANGE_LOOP_ANALYSIS = YES;
				CLANG_WARN_STRICT_PROTOTYPES = YES;
				CLANG_WARN_SUSPICIOUS_MOVE = YES;
				CLANG_WARN_UNGUARDED_AVAILABILITY = YES_AGGRESSIVE;
				CLANG_WARN_UNREACHABLE_CODE = YES;
				CLANG_WARN__DUPLICATE_METHOD_MATCH = YES;
				COPY_PHASE_STRIP = NO;
				DEBUG_INFORMATION_FORMAT = dwarf;
				ENABLE_STRICT_OBJC_MSGSEND = YES;
				ENABLE_TESTABILITY = YES;
				GCC_C_LANGUAGE_STANDARD = gnu11;
				GCC_DYNAMIC_NO_PIC = NO;
				GCC_NO_COMMON_BLOCKS = YES;
				GCC_OPTIMIZATION_LEVEL = 0;
				GCC_PREPROCESSOR_DEFINITIONS = (
					"DEBUG=1",
					"$(inherited)",
				);
				GCC_WARN_64_TO_32_BIT_CONVERSION = YES;
				GCC_WARN_ABOUT_RETURN_TYPE = YES_ERROR;
				GCC_WARN_UNDECLARED_SELECTOR = YES;
				GCC_WARN_UNINITIALIZED_AUTOS = YES_AGGRESSIVE;
				GCC_WARN_UNUSED_FUNCTION = YES;
				GCC_WARN_UNUSED_VARIABLE = YES;
				IPHONEOS_DEPLOYMENT_TARGET = 14.3;
				MTL_ENABLE_DEBUG_INFO = INCLUDE_SOURCE;
				MTL_FAST_MATH = YES;
				ONLY_ACTIVE_ARCH = YES;
				SDKROOT = iphoneos;
				SWIFT_ACTIVE_COMPILATION_CONDITIONS = DEBUG;
				SWIFT_OPTIMIZATION_LEVEL = "-Onone";
			};
			name = Debug;
		};
		A93C80F625AC745F00229647 /* Release */ = {
			isa = XCBuildConfiguration;
			buildSettings = {
				ALWAYS_SEARCH_USER_PATHS = NO;
				CLANG_ANALYZER_NONNULL = YES;
				CLANG_ANALYZER_NUMBER_OBJECT_CONVERSION = YES_AGGRESSIVE;
				CLANG_CXX_LANGUAGE_STANDARD = "gnu++14";
				CLANG_CXX_LIBRARY = "libc++";
				CLANG_ENABLE_MODULES = YES;
				CLANG_ENABLE_OBJC_ARC = YES;
				CLANG_ENABLE_OBJC_WEAK = YES;
				CLANG_WARN_BLOCK_CAPTURE_AUTORELEASING = YES;
				CLANG_WARN_BOOL_CONVERSION = YES;
				CLANG_WARN_COMMA = YES;
				CLANG_WARN_CONSTANT_CONVERSION = YES;
				CLANG_WARN_DEPRECATED_OBJC_IMPLEMENTATIONS = YES;
				CLANG_WARN_DIRECT_OBJC_ISA_USAGE = YES_ERROR;
				CLANG_WARN_DOCUMENTATION_COMMENTS = YES;
				CLANG_WARN_EMPTY_BODY = YES;
				CLANG_WARN_ENUM_CONVERSION = YES;
				CLANG_WARN_INFINITE_RECURSION = YES;
				CLANG_WARN_INT_CONVERSION = YES;
				CLANG_WARN_NON_LITERAL_NULL_CONVERSION = YES;
				CLANG_WARN_OBJC_IMPLICIT_RETAIN_SELF = YES;
				CLANG_WARN_OBJC_LITERAL_CONVERSION = YES;
				CLANG_WARN_OBJC_ROOT_CLASS = YES_ERROR;
				CLANG_WARN_QUOTED_INCLUDE_IN_FRAMEWORK_HEADER = YES;
				CLANG_WARN_RANGE_LOOP_ANALYSIS = YES;
				CLANG_WARN_STRICT_PROTOTYPES = YES;
				CLANG_WARN_SUSPICIOUS_MOVE = YES;
				CLANG_WARN_UNGUARDED_AVAILABILITY = YES_AGGRESSIVE;
				CLANG_WARN_UNREACHABLE_CODE = YES;
				CLANG_WARN__DUPLICATE_METHOD_MATCH = YES;
				COPY_PHASE_STRIP = NO;
				DEBUG_INFORMATION_FORMAT = "dwarf-with-dsym";
				ENABLE_NS_ASSERTIONS = NO;
				ENABLE_STRICT_OBJC_MSGSEND = YES;
				GCC_C_LANGUAGE_STANDARD = gnu11;
				GCC_NO_COMMON_BLOCKS = YES;
				GCC_WARN_64_TO_32_BIT_CONVERSION = YES;
				GCC_WARN_ABOUT_RETURN_TYPE = YES_ERROR;
				GCC_WARN_UNDECLARED_SELECTOR = YES;
				GCC_WARN_UNINITIALIZED_AUTOS = YES_AGGRESSIVE;
				GCC_WARN_UNUSED_FUNCTION = YES;
				GCC_WARN_UNUSED_VARIABLE = YES;
				IPHONEOS_DEPLOYMENT_TARGET = 14.3;
				MTL_ENABLE_DEBUG_INFO = NO;
				MTL_FAST_MATH = YES;
				SDKROOT = iphoneos;
				SWIFT_COMPILATION_MODE = wholemodule;
				SWIFT_OPTIMIZATION_LEVEL = "-O";
				VALIDATE_PRODUCT = YES;
			};
			name = Release;
		};
		A93C80F825AC745F00229647 /* Debug */ = {
			isa = XCBuildConfiguration;
			buildSettings = {
				ASSETCATALOG_COMPILER_APPICON_NAME = AppIcon;
				ASSETCATALOG_COMPILER_GLOBAL_ACCENT_COLOR_NAME = AccentColor;
				CODE_SIGN_STYLE = Automatic;
				DEVELOPMENT_TEAM = 9486RJPBM5;
				INFOPLIST_FILE = PSEiOS/Info.plist;
				LD_RUNPATH_SEARCH_PATHS = (
					"$(inherited)",
					"@executable_path/Frameworks",
				);
				PRODUCT_BUNDLE_IDENTIFIER = Keeplo.PSEiOS;
				PRODUCT_NAME = "$(TARGET_NAME)";
				SWIFT_VERSION = 5.0;
				TARGETED_DEVICE_FAMILY = 1;
			};
			name = Debug;
		};
		A93C80F925AC745F00229647 /* Release */ = {
			isa = XCBuildConfiguration;
			buildSettings = {
				ASSETCATALOG_COMPILER_APPICON_NAME = AppIcon;
				ASSETCATALOG_COMPILER_GLOBAL_ACCENT_COLOR_NAME = AccentColor;
				CODE_SIGN_STYLE = Automatic;
				DEVELOPMENT_TEAM = 9486RJPBM5;
				INFOPLIST_FILE = PSEiOS/Info.plist;
				LD_RUNPATH_SEARCH_PATHS = (
					"$(inherited)",
					"@executable_path/Frameworks",
				);
				PRODUCT_BUNDLE_IDENTIFIER = Keeplo.PSEiOS;
				PRODUCT_NAME = "$(TARGET_NAME)";
				SWIFT_VERSION = 5.0;
				TARGETED_DEVICE_FAMILY = 1;
			};
			name = Release;
		};
/* End XCBuildConfiguration section */

/* Begin XCConfigurationList section */
		A93C80DE25AC745E00229647 /* Build configuration list for PBXProject "PSEiOS" */ = {
			isa = XCConfigurationList;
			buildConfigurations = (
				A93C80F525AC745F00229647 /* Debug */,
				A93C80F625AC745F00229647 /* Release */,
			);
			defaultConfigurationIsVisible = 0;
			defaultConfigurationName = Release;
		};
		A93C80F725AC745F00229647 /* Build configuration list for PBXNativeTarget "PSEiOS" */ = {
			isa = XCConfigurationList;
			buildConfigurations = (
				A93C80F825AC745F00229647 /* Debug */,
				A93C80F925AC745F00229647 /* Release */,
			);
			defaultConfigurationIsVisible = 0;
			defaultConfigurationName = Release;
		};
/* End XCConfigurationList section */
	};
	rootObject = A93C80DB25AC745E00229647 /* Project object */;
}
